
Microsoft Visual Studio Solution File, Format Version 12.00
# Visual Studio Version 17
VisualStudioVersion = 17.5.002.0
MinimumVisualStudioVersion = 10.0.40219.1
Project("{9A19103F-16F7-4668-BE54-9A1E7A4F7556}") = "Work5", "Work5.csproj", "{653079FD-65A0-4278-945F-0778E1B09AA0}"
EndProject
Global
	GlobalSection(SolutionConfigurationPlatforms) = preSolution
		Debug|Any CPU = Debug|Any CPU
		Release|Any CPU = Release|Any CPU
	EndGlobalSection
	GlobalSection(ProjectConfigurationPlatforms) = postSolution
		{653079FD-65A0-4278-945F-0778E1B09AA0}.Debug|Any CPU.ActiveCfg = Debug|Any CPU
		{653079FD-65A0-4278-945F-0778E1B09AA0}.Debug|Any CPU.Build.0 = Debug|Any CPU
		{653079FD-65A0-4278-945F-0778E1B09AA0}.Release|Any CPU.ActiveCfg = Release|Any CPU
		{653079FD-65A0-4278-945F-0778E1B09AA0}.Release|Any CPU.Build.0 = Release|Any CPU
	EndGlobalSection
	GlobalSection(SolutionProperties) = preSolution
		HideSolutionNode = FALSE
	EndGlobalSection
	GlobalSection(ExtensibilityGlobals) = postSolution
		SolutionGuid = {0D74FF37-30A5-4567-90A0-A1CF44212BE8}
	EndGlobalSection
EndGlobal
